
Microsoft Visual Studio Solution File, Format Version 12.00
# Visual Studio 15
VisualStudioVersion = 15.0.27428.2037
MinimumVisualStudioVersion = 10.0.40219.1
Project("{FAE04EC0-301F-11D3-BF4B-00C04F79EFBC}") = "UberHack.Android", "UberHack\UberHack.Android\UberHack.Android.csproj", "{6B831A9E-7EE1-4EF4-94C5-C5171BAD31B2}"
EndProject
Project("{FAE04EC0-301F-11D3-BF4B-00C04F79EFBC}") = "UberHack.iOS", "UberHack\UberHack.iOS\UberHack.iOS.csproj", "{41CDA33A-A39F-4570-B88C-584B882AB4D0}"
EndProject
Project("{D954291E-2A0B-460D-934E-DC6B0785DB48}") = "UberHack", "UberHack\UberHack\UberHack.shproj", "{0774737A-EDFF-4A69-A733-B14D96EE4F8E}"
EndProject
Global
	GlobalSection(SharedMSBuildProjectFiles) = preSolution
		UberHack\UberHack\UberHack.projitems*{0774737a-edff-4a69-a733-b14d96ee4f8e}*SharedItemsImports = 13
		UberHack\UberHack\UberHack.projitems*{41cda33a-a39f-4570-b88c-584b882ab4d0}*SharedItemsImports = 4
		UberHack\UberHack\UberHack.projitems*{6b831a9e-7ee1-4ef4-94c5-c5171bad31b2}*SharedItemsImports = 4
	EndGlobalSection
	GlobalSection(SolutionConfigurationPlatforms) = preSolution
		Ad-Hoc|Any CPU = Ad-Hoc|Any CPU
		Ad-Hoc|iPhone = Ad-Hoc|iPhone
		Ad-Hoc|iPhoneSimulator = Ad-Hoc|iPhoneSimulator
		AppStore|Any CPU = AppStore|Any CPU
		AppStore|iPhone = AppStore|iPhone
		AppStore|iPhoneSimulator = AppStore|iPhoneSimulator
		Debug|Any CPU = Debug|Any CPU
		Debug|iPhone = Debug|iPhone
		Debug|iPhoneSimulator = Debug|iPhoneSimulator
		Release|Any CPU = Release|Any CPU
		Release|iPhone = Release|iPhone
		Release|iPhoneSimulator = Release|iPhoneSimulator
	EndGlobalSection
	GlobalSection(ProjectConfigurationPlatforms) = postSolution
		{6B831A9E-7EE1-4EF4-94C5-C5171BAD31B2}.Ad-Hoc|Any CPU.ActiveCfg = Release|Any CPU
		{6B831A9E-7EE1-4EF4-94C5-C5171BAD31B2}.Ad-Hoc|Any CPU.Build.0 = Release|Any CPU
		{6B831A9E-7EE1-4EF4-94C5-C5171BAD31B2}.Ad-Hoc|Any CPU.Deploy.0 = Release|Any CPU
		{6B831A9E-7EE1-4EF4-94C5-C5171BAD31B2}.Ad-Hoc|iPhone.ActiveCfg = Release|Any CPU
		{6B831A9E-7EE1-4EF4-94C5-C5171BAD31B2}.Ad-Hoc|iPhone.Build.0 = Release|Any CPU
		{6B831A9E-7EE1-4EF4-94C5-C5171BAD31B2}.Ad-Hoc|iPhone.Deploy.0 = Release|Any CPU
		{6B831A9E-7EE1-4EF4-94C5-C5171BAD31B2}.Ad-Hoc|iPhoneSimulator.ActiveCfg = Release|Any CPU
		{6B831A9E-7EE1-4EF4-94C5-C5171BAD31B2}.Ad-Hoc|iPhoneSimulator.Build.0 = Release|Any CPU
		{6B831A9E-7EE1-4EF4-94C5-C5171BAD31B2}.Ad-Hoc|iPhoneSimulator.Deploy.0 = Release|Any CPU
		{6B831A9E-7EE1-4EF4-94C5-C5171BAD31B2}.AppStore|Any CPU.ActiveCfg = Release|Any CPU
		{6B831A9E-7EE1-4EF4-94C5-C5171BAD31B2}.AppStore|Any CPU.Build.0 = Release|Any CPU
		{6B831A9E-7EE1-4EF4-94C5-C5171BAD31B2}.AppStore|Any CPU.Deploy.0 = Release|Any CPU
		{6B831A9E-7EE1-4EF4-94C5-C5171BAD31B2}.AppStore|iPhone.ActiveCfg = Release|Any CPU
		{6B831A9E-7EE1-4EF4-94C5-C5171BAD31B2}.AppStore|iPhone.Build.0 = Release|Any CPU
		{6B831A9E-7EE1-4EF4-94C5-C5171BAD31B2}.AppStore|iPhone.Deploy.0 = Release|Any CPU
		{6B831A9E-7EE1-4EF4-94C5-C5171BAD31B2}.AppStore|iPhoneSimulator.ActiveCfg = Release|Any CPU
		{6B831A9E-7EE1-4EF4-94C5-C5171BAD31B2}.AppStore|iPhoneSimulator.Build.0 = Release|Any CPU
		{6B831A9E-7EE1-4EF4-94C5-C5171BAD31B2}.AppStore|iPhoneSimulator.Deploy.0 = Release|Any CPU
		{6B831A9E-7EE1-4EF4-94C5-C5171BAD31B2}.Debug|Any CPU.ActiveCfg = Debug|Any CPU
		{6B831A9E-7EE1-4EF4-94C5-C5171BAD31B2}.Debug|Any CPU.Build.0 = Debug|Any CPU
		{6B831A9E-7EE1-4EF4-94C5-C5171BAD31B2}.Debug|Any CPU.Deploy.0 = Debug|Any CPU
		{6B831A9E-7EE1-4EF4-94C5-C5171BAD31B2}.Debug|iPhone.ActiveCfg = Debug|Any CPU
		{6B831A9E-7EE1-4EF4-94C5-C5171BAD31B2}.Debug|iPhone.Build.0 = Debug|Any CPU
		{6B831A9E-7EE1-4EF4-94C5-C5171BAD31B2}.Debug|iPhone.Deploy.0 = Debug|Any CPU
		{6B831A9E-7EE1-4EF4-94C5-C5171BAD31B2}.Debug|iPhoneSimulator.ActiveCfg = Debug|Any CPU
		{6B831A9E-7EE1-4EF4-94C5-C5171BAD31B2}.Debug|iPhoneSimulator.Build.0 = Debug|Any CPU
		{6B831A9E-7EE1-4EF4-94C5-C5171BAD31B2}.Debug|iPhoneSimulator.Deploy.0 = Debug|Any CPU
		{6B831A9E-7EE1-4EF4-94C5-C5171BAD31B2}.Release|Any CPU.ActiveCfg = Release|Any CPU
		{6B831A9E-7EE1-4EF4-94C5-C5171BAD31B2}.Release|Any CPU.Build.0 = Release|Any CPU
		{6B831A9E-7EE1-4EF4-94C5-C5171BAD31B2}.Release|Any CPU.Deploy.0 = Release|Any CPU
		{6B831A9E-7EE1-4EF4-94C5-C5171BAD31B2}.Release|iPhone.ActiveCfg = Release|Any CPU
		{6B831A9E-7EE1-4EF4-94C5-C5171BAD31B2}.Release|iPhone.Build.0 = Release|Any CPU
		{6B831A9E-7EE1-4EF4-94C5-C5171BAD31B2}.Release|iPhone.Deploy.0 = Release|Any CPU
		{6B831A9E-7EE1-4EF4-94C5-C5171BAD31B2}.Release|iPhoneSimulator.ActiveCfg = Release|Any CPU
		{6B831A9E-7EE1-4EF4-94C5-C5171BAD31B2}.Release|iPhoneSimulator.Build.0 = Release|Any CPU
		{6B831A9E-7EE1-4EF4-94C5-C5171BAD31B2}.Release|iPhoneSimulator.Deploy.0 = Release|Any CPU
		{41CDA33A-A39F-4570-B88C-584B882AB4D0}.Ad-Hoc|Any CPU.ActiveCfg = Ad-Hoc|iPhone
		{41CDA33A-A39F-4570-B88C-584B882AB4D0}.Ad-Hoc|iPhone.ActiveCfg = Ad-Hoc|iPhone
		{41CDA33A-A39F-4570-B88C-584B882AB4D0}.Ad-Hoc|iPhone.Build.0 = Ad-Hoc|iPhone
		{41CDA33A-A39F-4570-B88C-584B882AB4D0}.Ad-Hoc|iPhoneSimulator.ActiveCfg = Ad-Hoc|iPhoneSimulator
		{41CDA33A-A39F-4570-B88C-584B882AB4D0}.Ad-Hoc|iPhoneSimulator.Build.0 = Ad-Hoc|iPhoneSimulator
		{41CDA33A-A39F-4570-B88C-584B882AB4D0}.AppStore|Any CPU.ActiveCfg = AppStore|iPhone
		{41CDA33A-A39F-4570-B88C-584B882AB4D0}.AppStore|iPhone.ActiveCfg = AppStore|iPhone
		{41CDA33A-A39F-4570-B88C-584B882AB4D0}.AppStore|iPhone.Build.0 = AppStore|iPhone
		{41CDA33A-A39F-4570-B88C-584B882AB4D0}.AppStore|iPhoneSimulator.ActiveCfg = AppStore|iPhoneSimulator
		{41CDA33A-A39F-4570-B88C-584B882AB4D0}.AppStore|iPhoneSimulator.Build.0 = AppStore|iPhoneSimulator
		{41CDA33A-A39F-4570-B88C-584B882AB4D0}.Debug|Any CPU.ActiveCfg = Debug|iPhone
		{41CDA33A-A39F-4570-B88C-584B882AB4D0}.Debug|iPhone.ActiveCfg = Debug|iPhone
		{41CDA33A-A39F-4570-B88C-584B882AB4D0}.Debug|iPhone.Build.0 = Debug|iPhone
		{41CDA33A-A39F-4570-B88C-584B882AB4D0}.Debug|iPhoneSimulator.ActiveCfg = Debug|iPhoneSimulator
		{41CDA33A-A39F-4570-B88C-584B882AB4D0}.Debug|iPhoneSimulator.Build.0 = Debug|iPhoneSimulator
		{41CDA33A-A39F-4570-B88C-584B882AB4D0}.Release|Any CPU.ActiveCfg = Release|iPhone
		{41CDA33A-A39F-4570-B88C-584B882AB4D0}.Release|iPhone.ActiveCfg = Release|iPhone
		{41CDA33A-A39F-4570-B88C-584B882AB4D0}.Release|iPhone.Build.0 = Release|iPhone
		{41CDA33A-A39F-4570-B88C-584B882AB4D0}.Release|iPhoneSimulator.ActiveCfg = Release|iPhoneSimulator
		{41CDA33A-A39F-4570-B88C-584B882AB4D0}.Release|iPhoneSimulator.Build.0 = Release|iPhoneSimulator
	EndGlobalSection
	GlobalSection(SolutionProperties) = preSolution
		HideSolutionNode = FALSE
	EndGlobalSection
	GlobalSection(ExtensibilityGlobals) = postSolution
		SolutionGuid = {0211788A-2501-4917-AB96-CC3CA1239BBE}
	EndGlobalSection
EndGlobal
